# THIS IS AN AUTOGENERATED FILE. DO NOT EDIT THIS FILE DIRECTLY.
# yarn lockfile v1


"@release-it/keep-a-changelog@^2.2.2":
  version "2.2.2"
  resolved "https://registry.yarnpkg.com/@release-it/keep-a-changelog/-/keep-a-changelog-2.2.2.tgz#16896c4c25978993886fa0b0cfcbceb31c53a27d"
  integrity sha512-fFHtjKcnxA2bE0jVBFTFSQq2U4bPqL1EhRx9kDl+fzAXqERjEazcvrrp6fk2LaVRSID4L0IPKQ4KyOBJGf0Y3g==
  dependencies:
    detect-newline "^3.1.0"

detect-newline@^3.1.0:
  version "3.1.0"
  resolved "https://registry.yarnpkg.com/detect-newline/-/detect-newline-3.1.0.tgz#576f5dfc63ae1a192ff192d8ad3af6308991b651"
  integrity sha512-TLz+x/vEXm/Y7P7wn1EJFNLxYpUD4TgMosxY6fAVJUnJMbupHBOncxyWUG9OpTaH9EBD7uFI5LfEgmMOc54DsA==
